
Microsoft Visual Studio Solution File, Format Version 11.00
# Visual Studio 2010
Project("{FAE04EC0-301F-11D3-BF4B-00C04F79EFBC}") = "Wren.Web", "Wren.Web\Wren.Web.csproj", "{408841F9-9684-48A6-89BA-361A7777F2EB}"
EndProject
Project("{FAE04EC0-301F-11D3-BF4B-00C04F79EFBC}") = "Wren.Services.Core", "Wren.Services.Core\Wren.Services.Core.csproj", "{8C9C4486-EC3C-4339-9A35-5C41B6A60E70}"
EndProject
Project("{FAE04EC0-301F-11D3-BF4B-00C04F79EFBC}") = "Wren.Transport", "Wren.Transport\Wren.Transport.csproj", "{69B31657-EB68-432A-98DB-CC09FE5800B8}"
EndProject
Project("{FAE04EC0-301F-11D3-BF4B-00C04F79EFBC}") = "Wren.Data", "Wren.Data\Wren.Data.csproj", "{21698A8F-CD9C-48E9-8D73-45644F4138C8}"
EndProject
Global
	GlobalSection(SolutionConfigurationPlatforms) = preSolution
		Debug|Any CPU = Debug|Any CPU
		Debug|x86 = Debug|x86
		Release|Any CPU = Release|Any CPU
		Release|x86 = Release|x86
	EndGlobalSection
	GlobalSection(ProjectConfigurationPlatforms) = postSolution
		{408841F9-9684-48A6-89BA-361A7777F2EB}.Debug|Any CPU.ActiveCfg = Debug|Any CPU
		{408841F9-9684-48A6-89BA-361A7777F2EB}.Debug|Any CPU.Build.0 = Debug|Any CPU
		{408841F9-9684-48A6-89BA-361A7777F2EB}.Debug|x86.ActiveCfg = Debug|x86
		{408841F9-9684-48A6-89BA-361A7777F2EB}.Debug|x86.Build.0 = Debug|x86
		{408841F9-9684-48A6-89BA-361A7777F2EB}.Release|Any CPU.ActiveCfg = Release|Any CPU
		{408841F9-9684-48A6-89BA-361A7777F2EB}.Release|Any CPU.Build.0 = Release|Any CPU
		{408841F9-9684-48A6-89BA-361A7777F2EB}.Release|x86.ActiveCfg = Release|x86
		{408841F9-9684-48A6-89BA-361A7777F2EB}.Release|x86.Build.0 = Release|x86
		{8C9C4486-EC3C-4339-9A35-5C41B6A60E70}.Debug|Any CPU.ActiveCfg = Debug|Any CPU
		{8C9C4486-EC3C-4339-9A35-5C41B6A60E70}.Debug|Any CPU.Build.0 = Debug|Any CPU
		{8C9C4486-EC3C-4339-9A35-5C41B6A60E70}.Debug|x86.ActiveCfg = Debug|x86
		{8C9C4486-EC3C-4339-9A35-5C41B6A60E70}.Debug|x86.Build.0 = Debug|x86
		{8C9C4486-EC3C-4339-9A35-5C41B6A60E70}.Release|Any CPU.ActiveCfg = Release|Any CPU
		{8C9C4486-EC3C-4339-9A35-5C41B6A60E70}.Release|Any CPU.Build.0 = Release|Any CPU
		{8C9C4486-EC3C-4339-9A35-5C41B6A60E70}.Release|x86.ActiveCfg = Release|x86
		{8C9C4486-EC3C-4339-9A35-5C41B6A60E70}.Release|x86.Build.0 = Release|x86
		{69B31657-EB68-432A-98DB-CC09FE5800B8}.Debug|Any CPU.ActiveCfg = Debug|Any CPU
		{69B31657-EB68-432A-98DB-CC09FE5800B8}.Debug|Any CPU.Build.0 = Debug|Any CPU
		{69B31657-EB68-432A-98DB-CC09FE5800B8}.Debug|x86.ActiveCfg = Debug|x86
		{69B31657-EB68-432A-98DB-CC09FE5800B8}.Debug|x86.Build.0 = Debug|x86
		{69B31657-EB68-432A-98DB-CC09FE5800B8}.Release|Any CPU.ActiveCfg = Release|Any CPU
		{69B31657-EB68-432A-98DB-CC09FE5800B8}.Release|Any CPU.Build.0 = Release|Any CPU
		{69B31657-EB68-432A-98DB-CC09FE5800B8}.Release|x86.ActiveCfg = Release|x86
		{69B31657-EB68-432A-98DB-CC09FE5800B8}.Release|x86.Build.0 = Release|x86
		{21698A8F-CD9C-48E9-8D73-45644F4138C8}.Debug|Any CPU.ActiveCfg = Debug|Any CPU
		{21698A8F-CD9C-48E9-8D73-45644F4138C8}.Debug|Any CPU.Build.0 = Debug|Any CPU
		{21698A8F-CD9C-48E9-8D73-45644F4138C8}.Debug|x86.ActiveCfg = Debug|x86
		{21698A8F-CD9C-48E9-8D73-45644F4138C8}.Debug|x86.Build.0 = Debug|x86
		{21698A8F-CD9C-48E9-8D73-45644F4138C8}.Release|Any CPU.ActiveCfg = Release|Any CPU
		{21698A8F-CD9C-48E9-8D73-45644F4138C8}.Release|Any CPU.Build.0 = Release|Any CPU
		{21698A8F-CD9C-48E9-8D73-45644F4138C8}.Release|x86.ActiveCfg = Release|x86
		{21698A8F-CD9C-48E9-8D73-45644F4138C8}.Release|x86.Build.0 = Release|x86
	EndGlobalSection
	GlobalSection(SolutionProperties) = preSolution
		HideSolutionNode = FALSE
	EndGlobalSection
EndGlobal
